{
  "requires": true,
  "lockfileVersion": 1,
  "dependencies": {
    "@types/hammerjs": {
      "version": "2.0.41",
      "resolved": "https://registry.npmjs.org/@types/hammerjs/-/hammerjs-2.0.41.tgz",
      "integrity": "sha512-ewXv/ceBaJprikMcxCmWU1FKyMAQ2X7a9Gtmzw8fcg2kIePI1crERDM818W+XYrxqdBBOdlf2rm137bU+BltCA==",
      "dev": true
    },
    "@types/node": {
      "version": "17.0.31",
      "resolved": "https://registry.npmjs.org/@types/node/-/node-17.0.31.tgz",
      "integrity": "sha512-AR0x5HbXGqkEx9CadRH3EBYx/VkiUgZIhP4wvPn/+5KIsgpNoyFaRlVe0Zlx9gRtg8fA06a9tskE2MSN7TcG4Q==",
      "dev": true
    },
    "@types/webaudioapi": {
      "version": "0.0.27",
      "resolved": "https://registry.npmjs.org/@types/webaudioapi/-/webaudioapi-0.0.27.tgz",
      "integrity": "sha512-UWVaT2JkjAMU0x9BHWE8Lm4cFfVAzd5Av1v+b7phOXBY047prADh/dz+VW5SG0CxVutcE7DXtR9rTKFq76ODaQ=="
    },
    "hammerjs": {
      "version": "2.0.8",
      "resolved": "https://registry.npmjs.org/hammerjs/-/hammerjs-2.0.8.tgz",
      "integrity": "sha1-BO93hiz/K7edMPdpIJWTAiK/YPE="
    }
  }
}
